<?xml version="1.0" encoding="utf-8"?>
<Project ToolsVersion="4.0" xmlns="http://schemas.microsoft.com/developer/msbuild/2003">
  <ItemGroup>
    <ClCompile Include="..\..\src\main.cpp" />
    <ClCompile Include="..\..\src\GameWorld.cpp" />
    <ClCompile Include="..\..\src\World.cpp" />
    <ClCompile Include="..\..\src\ShaderProgram.cpp" />
    <ClCompile Include="..\..\src\PrecompiledHeader.cpp" />
    <ClCompile Include="..\..\src\Systems\RenderSystem.cpp">
      <Filter>Rendering\Systems</Filter>
    </ClCompile>
    <ClCompile Include="..\..\src\Renderer.cpp">
      <Filter>Rendering</Filter>
    </ClCompile>
    <ClCompile Include="..\..\src\Skybox.cpp">
      <Filter>Rendering</Filter>
    </ClCompile>
    <ClCompile Include="..\..\src\Texture.cpp">
      <Filter>Rendering</Filter>
    </ClCompile>
    <ClCompile Include="..\..\src\OBJ.cpp">
      <Filter>Rendering</Filter>
    </ClCompile>
    <ClCompile Include="..\..\src\Model.cpp">
      <Filter>Rendering</Filter>
    </ClCompile>
    <ClCompile Include="..\..\src\Camera.cpp">
      <Filter>Rendering</Filter>
    </ClCompile>
    <ClCompile Include="..\..\src\CubemapTexture.cpp">
      <Filter>Rendering</Filter>
    </ClCompile>
    <ClCompile Include="..\..\src\Systems\PhysicsSystem.cpp">
      <Filter>Physics\Systems</Filter>
    </ClCompile>
    <ClCompile Include="..\..\src\Systems\TransformSystem.cpp">
      <Filter>Base\Systems</Filter>
    </ClCompile>
    <ClCompile Include="..\..\src\Systems\DebugSystem.cpp">
      <Filter>Base\Systems</Filter>
    </ClCompile>
    <ClCompile Include="..\..\src\Systems\SoundSystem.cpp">
      <Filter>Audio\Systems</Filter>
    </ClCompile>
    <ClCompile Include="..\..\src\Systems\InputSystem.cpp">
      <Filter>Input\Systems</Filter>
    </ClCompile>
    <ClCompile Include="..\..\src\Systems\FreeSteeringSystem.cpp">
      <Filter>Input\Systems</Filter>
    </ClCompile>
    <ClCompile Include="..\..\src\ResourceManager.cpp" />
    <ClCompile Include="..\..\src\Sound.cpp" />
  </ItemGroup>
  <ItemGroup>
    <Filter Include="Util">
      <UniqueIdentifier>{ce43847c-9745-46d2-b000-069af4882886}</UniqueIdentifier>
    </Filter>
    <Filter Include="Shaders">
      <UniqueIdentifier>{8974329a-5c12-4b94-86e7-5931555bc129}</UniqueIdentifier>
    </Filter>
    <Filter Include="Rendering">
      <UniqueIdentifier>{aca514ec-84de-423c-a270-ec4399904c5a}</UniqueIdentifier>
    </Filter>
    <Filter Include="Rendering\Components">
      <UniqueIdentifier>{fcbc3469-7049-4c07-9d76-f8f1e872f042}</UniqueIdentifier>
    </Filter>
    <Filter Include="Rendering\Systems">
      <UniqueIdentifier>{f6c5fd1d-7180-42b7-b973-a91bfc3ea189}</UniqueIdentifier>
    </Filter>
    <Filter Include="Physics">
      <UniqueIdentifier>{d08cc18b-b7d8-47a7-91af-7283052e4c97}</UniqueIdentifier>
    </Filter>
    <Filter Include="Physics\Components">
      <UniqueIdentifier>{1c5d571e-55f4-498b-b64a-2f28ac2cd9b0}</UniqueIdentifier>
    </Filter>
    <Filter Include="Physics\Systems">
      <UniqueIdentifier>{635843f6-c94e-4798-8201-db64d11e2a03}</UniqueIdentifier>
    </Filter>
    <Filter Include="Base">
      <UniqueIdentifier>{3bd82924-397c-4c5a-959c-971612269374}</UniqueIdentifier>
    </Filter>
    <Filter Include="Base\Components">
      <UniqueIdentifier>{c17ff66a-f9f5-4329-a05d-e7bf8a140dd3}</UniqueIdentifier>
    </Filter>
    <Filter Include="Base\Systems">
      <UniqueIdentifier>{caa1e07f-fa19-4706-bf59-de74a0290763}</UniqueIdentifier>
    </Filter>
    <Filter Include="Audio">
      <UniqueIdentifier>{444e18d8-8ab6-413b-b9b0-59a6309e0511}</UniqueIdentifier>
    </Filter>
    <Filter Include="Audio\Components">
      <UniqueIdentifier>{a2db813b-1d08-4d48-97ac-2faaff29a1cc}</UniqueIdentifier>
    </Filter>
    <Filter Include="Audio\Systems">
      <UniqueIdentifier>{44c41b41-b706-4d88-8d50-abdeb2a828fe}</UniqueIdentifier>
    </Filter>
    <Filter Include="Input">
      <UniqueIdentifier>{30c6d948-459c-4fc7-b44d-ecbe5f34203e}</UniqueIdentifier>
    </Filter>
    <Filter Include="Input\Components">
      <UniqueIdentifier>{8bcc0a31-3e0d-4342-8d10-ec8edfa03abd}</UniqueIdentifier>
    </Filter>
    <Filter Include="Input\Systems">
      <UniqueIdentifier>{93ce6550-7614-46b4-a554-0eec26e6fbf6}</UniqueIdentifier>
    </Filter>
    <Filter Include="Particle System">
      <UniqueIdentifier>{0bb544bb-1b0a-487f-88d6-f8ab8a2795f4}</UniqueIdentifier>
    </Filter>
    <Filter Include="Particle System\Components">
      <UniqueIdentifier>{a6ca6194-3aa5-46cc-ac05-206f9a400dec}</UniqueIdentifier>
    </Filter>
    <Filter Include="Particle System\Systems">
      <UniqueIdentifier>{9f45f029-46c8-4c0d-b44c-dc9bffd3c6a6}</UniqueIdentifier>
    </Filter>
  </ItemGroup>
  <ItemGroup>
    <ClInclude Include="..\..\src\World.h" />
    <ClInclude Include="..\..\src\GameWorld.h" />
    <ClInclude Include="..\..\src\Factory.h" />
    <ClInclude Include="..\..\src\Entity.h" />
    <ClInclude Include="..\..\src\Component.h" />
    <ClInclude Include="..\..\src\System.h" />
    <ClInclude Include="..\..\src\Util\GLError.h">
      <Filter>Util</Filter>
    </ClInclude>
    <ClInclude Include="..\..\src\Util\Logging.h">
      <Filter>Util</Filter>
    </ClInclude>
    <ClInclude Include="..\..\src\Color.h" />
    <ClInclude Include="..\..\src\Engine.h" />
    <ClInclude Include="..\..\src\PrecompiledHeader.h" />
    <ClInclude Include="..\..\src\ShaderProgram.h" />
    <ClInclude Include="..\..\src\Components\Model.h">
      <Filter>Rendering\Components</Filter>
    </ClInclude>
    <ClInclude Include="..\..\src\Components\Sprite.h">
      <Filter>Rendering\Components</Filter>
    </ClInclude>
    <ClInclude Include="..\..\src\Renderer.h">
      <Filter>Rendering</Filter>
    </ClInclude>
    <ClInclude Include="..\..\src\Skybox.h">
      <Filter>Rendering</Filter>
    </ClInclude>
    <ClInclude Include="..\..\src\Texture.h">
      <Filter>Rendering</Filter>
    </ClInclude>
    <ClInclude Include="..\..\src\OBJ.h">
      <Filter>Rendering</Filter>
    </ClInclude>
    <ClInclude Include="..\..\src\Model.h">
      <Filter>Rendering</Filter>
    </ClInclude>
    <ClInclude Include="..\..\src\Camera.h">
      <Filter>Rendering</Filter>
    </ClInclude>
    <ClInclude Include="..\..\src\CubemapTexture.h">
      <Filter>Rendering</Filter>
    </ClInclude>
    <ClInclude Include="..\..\src\Components\Physics.h">
      <Filter>Physics\Components</Filter>
    </ClInclude>
    <ClInclude Include="..\..\src\Systems\PhysicsSystem.h">
      <Filter>Physics\Systems</Filter>
    </ClInclude>
    <ClInclude Include="..\..\src\Components\Transform.h">
      <Filter>Base\Components</Filter>
    </ClInclude>
    <ClInclude Include="..\..\src\Components\Template.h">
      <Filter>Base\Components</Filter>
    </ClInclude>
    <ClInclude Include="..\..\src\Components\Camera.h">
      <Filter>Rendering\Components</Filter>
    </ClInclude>
    <ClInclude Include="..\..\src\Systems\TransformSystem.h">
      <Filter>Base\Systems</Filter>
    </ClInclude>
    <ClInclude Include="..\..\src\Systems\DebugSystem.h">
      <Filter>Base\Systems</Filter>
    </ClInclude>
    <ClInclude Include="..\..\src\Systems\SoundSystem.h">
      <Filter>Audio\Systems</Filter>
    </ClInclude>
    <ClInclude Include="..\..\src\Components\SoundEmitter.h">
      <Filter>Audio\Components</Filter>
    </ClInclude>
    <ClInclude Include="..\..\src\Systems\RenderSystem.h">
      <Filter>Rendering\Systems</Filter>
    </ClInclude>
    <ClInclude Include="..\..\src\Systems\InputSystem.h">
      <Filter>Input\Systems</Filter>
    </ClInclude>
    <ClInclude Include="..\..\src\Systems\FreeSteeringSystem.h">
      <Filter>Input\Systems</Filter>
    </ClInclude>
    <ClInclude Include="..\..\src\Components\Input.h">
      <Filter>Input\Components</Filter>
    </ClInclude>
    <ClInclude Include="..\..\src\Components\FreeSteering.h">
      <Filter>Input\Components</Filter>
    </ClInclude>
    <ClInclude Include="..\..\src\Components\ParticleEmitter.h">
      <Filter>Particle System\Components</Filter>
    </ClInclude>
    <ClInclude Include="..\..\src\Components\PointLight.h">
      <Filter>Rendering\Components</Filter>
    </ClInclude>
    <ClInclude Include="..\..\src\Components\DirectionalLight.h">
      <Filter>Rendering\Components</Filter>
    </ClInclude>
    <ClInclude Include="..\..\src\ResourceManager.h" />
    <ClInclude Include="..\..\src\Sound.h">
      <Filter>Audio</Filter>
    </ClInclude>
    <ClInclude Include="..\..\src\Components\Box.h" />
    <ClInclude Include="..\..\src\Components\Sphere.h" />
  </ItemGroup>
  <ItemGroup>
    <None Include="..\..\src\Shaders\AABB.frag.glsl">
      <Filter>Shaders</Filter>
    </None>
    <None Include="..\..\src\Shaders\Fragment.glsl">
      <Filter>Shaders</Filter>
    </None>
    <None Include="..\..\src\Shaders\Normals.frag.glsl">
      <Filter>Shaders</Filter>
    </None>
    <None Include="..\..\src\Shaders\Normals.geo.glsl">
      <Filter>Shaders</Filter>
    </None>
    <None Include="..\..\src\Shaders\ShadowMap.frag.glsl">
      <Filter>Shaders</Filter>
    </None>
    <None Include="..\..\src\Shaders\ShadowMap.vert.glsl">
      <Filter>Shaders</Filter>
    </None>
    <None Include="..\..\src\Shaders\Skybox.frag.glsl">
      <Filter>Shaders</Filter>
    </None>
    <None Include="..\..\src\Shaders\Skybox.vert.glsl">
      <Filter>Shaders</Filter>
    </None>
    <None Include="..\..\src\Shaders\Vertex.glsl">
      <Filter>Shaders</Filter>
    </None>
    <None Include="..\..\src\Shaders\VisualizeDepth.frag.glsl">
      <Filter>Shaders</Filter>
    </None>
    <None Include="..\..\src\Shaders\VisualizeDepth.vert.glsl">
      <Filter>Shaders</Filter>
    </None>
  </ItemGroup>
</Project>